github.com/alex-shpak/hugo-book v0.0.0-20220802105740-317ccae23b73 h1:RC76uULXrG9mfHnYskKc/8L2JRQJFixfBXySfcdOq4k=
github.com/alex-shpak/hugo-book v0.0.0-20220802105740-317ccae23b73/go.mod h1:L4NMyzbn15fpLIpmmtDg9ZFFyTZzw87/lk7M2bMQ7ds=
gitlab.com/kaushalmodi/hugo-mwe-theme v0.1.1 h1:FyTp43CJRpBfoHyWnwQFx//cipgP6xQ9/uucj+qjj1U=
gitlab.com/kaushalmodi/hugo-mwe-theme v0.1.1/go.mod h1:vvq0r/SfKMbiPbyqL4YottSOkpCkBSosqGRm82aDNrU=
